// !$*UTF8*$!
{
	archiveVersion = 1;
	classes = {
	};
	objectVersion = 56;
	objects = {

/* Begin PBXBuildFile section */
		B9BE87642C1335060051B7F6 /* PeFinancialApp.swift in Sources */ = {isa = PBXBuildFile; fileRef = B9BE87632C1335060051B7F6 /* PeFinancialApp.swift */; };
		B9BE87662C1335060051B7F6 /* ContentView.swift in Sources */ = {isa = PBXBuildFile; fileRef = B9BE87652C1335060051B7F6 /* ContentView.swift */; };
		B9BE87682C1335080051B7F6 /* Assets.xcassets in Resources */ = {isa = PBXBuildFile; fileRef = B9BE87672C1335080051B7F6 /* Assets.xcassets */; };
		B9BE876B2C1335080051B7F6 /* Preview Assets.xcassets in Resources */ = {isa = PBXBuildFile; fileRef = B9BE876A2C1335080051B7F6 /* Preview Assets.xcassets */; };
		B9BE876D2C1335080051B7F6 /* Persistence.swift in Sources */ = {isa = PBXBuildFile; fileRef = B9BE876C2C1335080051B7F6 /* Persistence.swift */; };
		B9BE87702C1335080051B7F6 /* PeFinancial.xcdatamodeld in Sources */ = {isa = PBXBuildFile; fileRef = B9BE876E2C1335080051B7F6 /* PeFinancial.xcdatamodeld */; };
		B9BE877A2C1335080051B7F6 /* PeFinancialTests.swift in Sources */ = {isa = PBXBuildFile; fileRef = B9BE87792C1335080051B7F6 /* PeFinancialTests.swift */; };
		B9BE87842C1335080051B7F6 /* PeFinancialUITests.swift in Sources */ = {isa = PBXBuildFile; fileRef = B9BE87832C1335080051B7F6 /* PeFinancialUITests.swift */; };
		B9BE87862C1335080051B7F6 /* PeFinancialUITestsLaunchTests.swift in Sources */ = {isa = PBXBuildFile; fileRef = B9BE87852C1335080051B7F6 /* PeFinancialUITestsLaunchTests.swift */; };
/* End PBXBuildFile section */

/* Begin PBXContainerItemProxy section */
		B9BE87762C1335080051B7F6 /* PBXContainerItemProxy */ = {
			isa = PBXContainerItemProxy;
			containerPortal = B9BE87582C1335060051B7F6 /* Project object */;
			proxyType = 1;
			remoteGlobalIDString = B9BE875F2C1335060051B7F6;
			remoteInfo = PeFinancial;
		};
		B9BE87802C1335080051B7F6 /* PBXContainerItemProxy */ = {
			isa = PBXContainerItemProxy;
			containerPortal = B9BE87582C1335060051B7F6 /* Project object */;
			proxyType = 1;
			remoteGlobalIDString = B9BE875F2C1335060051B7F6;
			remoteInfo = PeFinancial;
		};
/* End PBXContainerItemProxy section */

/* Begin PBXFileReference section */
		B9BE87602C1335060051B7F6 /* PeFinancial.app */ = {isa = PBXFileReference; explicitFileType = wrapper.application; includeInIndex = 0; path = PeFinancial.app; sourceTree = BUILT_PRODUCTS_DIR; };
		B9BE87632C1335060051B7F6 /* PeFinancialApp.swift */ = {isa = PBXFileReference; lastKnownFileType = sourcecode.swift; path = PeFinancialApp.swift; sourceTree = "<group>"; };
		B9BE87652C1335060051B7F6 /* ContentView.swift */ = {isa = PBXFileReference; lastKnownFileType = sourcecode.swift; path = ContentView.swift; sourceTree = "<group>"; };
		B9BE87672C1335080051B7F6 /* Assets.xcassets */ = {isa = PBXFileReference; lastKnownFileType = folder.assetcatalog; path = Assets.xcassets; sourceTree = "<group>"; };
		B9BE876A2C1335080051B7F6 /* Preview Assets.xcassets */ = {isa = PBXFileReference; lastKnownFileType = folder.assetcatalog; path = "Preview Assets.xcassets"; sourceTree = "<group>"; };
		B9BE876C2C1335080051B7F6 /* Persistence.swift */ = {isa = PBXFileReference; lastKnownFileType = sourcecode.swift; path = Persistence.swift; sourceTree = "<group>"; };
		B9BE876F2C1335080051B7F6 /* PeFinancial.xcdatamodel */ = {isa = PBXFileReference; lastKnownFileType = wrapper.xcdatamodel; path = PeFinancial.xcdatamodel; sourceTree = "<group>"; };
		B9BE87752C1335080051B7F6 /* PeFinancialTests.xctest */ = {isa = PBXFileReference; explicitFileType = wrapper.cfbundle; includeInIndex = 0; path = PeFinancialTests.xctest; sourceTree = BUILT_PRODUCTS_DIR; };
		B9BE87792C1335080051B7F6 /* PeFinancialTests.swift */ = {isa = PBXFileReference; lastKnownFileType = sourcecode.swift; path = PeFinancialTests.swift; sourceTree = "<group>"; };
		B9BE877F2C1335080051B7F6 /* PeFinancialUITests.xctest */ = {isa = PBXFileReference; explicitFileType = wrapper.cfbundle; includeInIndex = 0; path = PeFinancialUITests.xctest; sourceTree = BUILT_PRODUCTS_DIR; };
		B9BE87832C1335080051B7F6 /* PeFinancialUITests.swift */ = {isa = PBXFileReference; lastKnownFileType = sourcecode.swift; path = PeFinancialUITests.swift; sourceTree = "<group>"; };
		B9BE87852C1335080051B7F6 /* PeFinancialUITestsLaunchTests.swift */ = {isa = PBXFileReference; lastKnownFileType = sourcecode.swift; path = PeFinancialUITestsLaunchTests.swift; sourceTree = "<group>"; };
/* End PBXFileReference section */

/* Begin PBXFrameworksBuildPhase section */
		B9BE875D2C1335060051B7F6 /* Frameworks */ = {
			isa = PBXFrameworksBuildPhase;
			buildActionMask = 2147483647;
			files = (
			);
			runOnlyForDeploymentPostprocessing = 0;
		};
		B9BE87722C1335080051B7F6 /* Frameworks */ = {
			isa = PBXFrameworksBuildPhase;
			buildActionMask = 2147483647;
			files = (
			);
			runOnlyForDeploymentPostprocessing = 0;
		};
		B9BE877C2C1335080051B7F6 /* Frameworks */ = {
			isa = PBXFrameworksBuildPhase;
			buildActionMask = 2147483647;
			files = (
			);
			runOnlyForDeploymentPostprocessing = 0;
		};
/* End PBXFrameworksBuildPhase section */

/* Begin PBXGroup section */
		B9BE87572C1335060051B7F6 = {
			isa = PBXGroup;
			children = (
				B9BE87622C1335060051B7F6 /* PeFinancial */,
				B9BE87782C1335080051B7F6 /* PeFinancialTests */,
				B9BE87822C1335080051B7F6 /* PeFinancialUITests */,
				B9BE87612C1335060051B7F6 /* Products */,
			);
			sourceTree = "<group>";
		};
		B9BE87612C1335060051B7F6 /* Products */ = {
			isa = PBXGroup;
			children = (
				B9BE87602C1335060051B7F6 /* PeFinancial.app */,
				B9BE87752C1335080051B7F6 /* PeFinancialTests.xctest */,
				B9BE877F2C1335080051B7F6 /* PeFinancialUITests.xctest */,
			);
			name = Products;
			sourceTree = "<group>";
		};
		B9BE87622C1335060051B7F6 /* PeFinancial */ = {
			isa = PBXGroup;
			children = (
				B9BE87632C1335060051B7F6 /* PeFinancialApp.swift */,
				B9BE87652C1335060051B7F6 /* ContentView.swift */,
				B9BE87672C1335080051B7F6 /* Assets.xcassets */,
				B9BE876C2C1335080051B7F6 /* Persistence.swift */,
				B9BE876E2C1335080051B7F6 /* PeFinancial.xcdatamodeld */,
				B9BE87692C1335080051B7F6 /* Preview Content */,
			);
			path = PeFinancial;
			sourceTree = "<group>";
		};
		B9BE87692C1335080051B7F6 /* Preview Content */ = {
			isa = PBXGroup;
			children = (
				B9BE876A2C1335080051B7F6 /* Preview Assets.xcassets */,
			);
			path = "Preview Content";
			sourceTree = "<group>";
		};
		B9BE87782C1335080051B7F6 /* PeFinancialTests */ = {
			isa = PBXGroup;
			children = (
				B9BE87792C1335080051B7F6 /* PeFinancialTests.swift */,
			);
			path = PeFinancialTests;
			sourceTree = "<group>";
		};
		B9BE87822C1335080051B7F6 /* PeFinancialUITests */ = {
			isa = PBXGroup;
			children = (
				B9BE87832C1335080051B7F6 /* PeFinancialUITests.swift */,
				B9BE87852C1335080051B7F6 /* PeFinancialUITestsLaunchTests.swift */,
			);
			path = PeFinancialUITests;
			sourceTree = "<group>";
		};
/* End PBXGroup section */

/* Begin PBXNativeTarget section */
		B9BE875F2C1335060051B7F6 /* PeFinancial */ = {
			isa = PBXNativeTarget;
			buildConfigurationList = B9BE87892C1335080051B7F6 /* Build configuration list for PBXNativeTarget "PeFinancial" */;
			buildPhases = (
				B9BE875C2C1335060051B7F6 /* Sources */,
				B9BE875D2C1335060051B7F6 /* Frameworks */,
				B9BE875E2C1335060051B7F6 /* Resources */,
			);
			buildRules = (
			);
			dependencies = (
			);
			name = PeFinancial;
			productName = PeFinancial;
			productReference = B9BE87602C1335060051B7F6 /* PeFinancial.app */;
			productType = "com.apple.product-type.application";
		};
		B9BE87742C1335080051B7F6 /* PeFinancialTests */ = {
			isa = PBXNativeTarget;
			buildConfigurationList = B9BE878C2C1335080051B7F6 /* Build configuration list for PBXNativeTarget "PeFinancialTests" */;
			buildPhases = (
				B9BE87712C1335080051B7F6 /* Sources */,
				B9BE87722C1335080051B7F6 /* Frameworks */,
				B9BE87732C1335080051B7F6 /* Resources */,
			);
			buildRules = (
			);
			dependencies = (
				B9BE87772C1335080051B7F6 /* PBXTargetDependency */,
			);
			name = PeFinancialTests;
			productName = PeFinancialTests;
			productReference = B9BE87752C1335080051B7F6 /* PeFinancialTests.xctest */;
			productType = "com.apple.product-type.bundle.unit-test";
		};
		B9BE877E2C1335080051B7F6 /* PeFinancialUITests */ = {
			isa = PBXNativeTarget;
			buildConfigurationList = B9BE878F2C1335080051B7F6 /* Build configuration list for PBXNativeTarget "PeFinancialUITests" */;
			buildPhases = (
				B9BE877B2C1335080051B7F6 /* Sources */,
				B9BE877C2C1335080051B7F6 /* Frameworks */,
				B9BE877D2C1335080051B7F6 /* Resources */,
			);
			buildRules = (
			);
			dependencies = (
				B9BE87812C1335080051B7F6 /* PBXTargetDependency */,
			);
			name = PeFinancialUITests;
			productName = PeFinancialUITests;
			productReference = B9BE877F2C1335080051B7F6 /* PeFinancialUITests.xctest */;
			productType = "com.apple.product-type.bundle.ui-testing";
		};
/* End PBXNativeTarget section */

/* Begin PBXProject section */
		B9BE87582C1335060051B7F6 /* Project object */ = {
			isa = PBXProject;
			attributes = {
				BuildIndependentTargetsInParallel = 1;
				LastSwiftUpdateCheck = 1540;
				LastUpgradeCheck = 1540;
				TargetAttributes = {
					B9BE875F2C1335060051B7F6 = {
						CreatedOnToolsVersion = 15.4;
					};
					B9BE87742C1335080051B7F6 = {
						CreatedOnToolsVersion = 15.4;
						TestTargetID = B9BE875F2C1335060051B7F6;
					};
					B9BE877E2C1335080051B7F6 = {
						CreatedOnToolsVersion = 15.4;
						TestTargetID = B9BE875F2C1335060051B7F6;
					};
				};
			};
			buildConfigurationList = B9BE875B2C1335060051B7F6 /* Build configuration list for PBXProject "PeFinancial" */;
			compatibilityVersion = "Xcode 14.0";
			developmentRegion = en;
			hasScannedForEncodings = 0;
			knownRegions = (
				en,
				Base,
			);
			mainGroup = B9BE87572C1335060051B7F6;
			productRefGroup = B9BE87612C1335060051B7F6 /* Products */;
			projectDirPath = "";
			projectRoot = "";
			targets = (
				B9BE875F2C1335060051B7F6 /* PeFinancial */,
				B9BE87742C1335080051B7F6 /* PeFinancialTests */,
				B9BE877E2C1335080051B7F6 /* PeFinancialUITests */,
			);
		};
/* End PBXProject section */

/* Begin PBXResourcesBuildPhase section */
		B9BE875E2C1335060051B7F6 /* Resources */ = {
			isa = PBXResourcesBuildPhase;
			buildActionMask = 2147483647;
			files = (
				B9BE876B2C1335080051B7F6 /* Preview Assets.xcassets in Resources */,
				B9BE87682C1335080051B7F6 /* Assets.xcassets in Resources */,
			);
			runOnlyForDeploymentPostprocessing = 0;
		};
		B9BE87732C1335080051B7F6 /* Resources */ = {
			isa = PBXResourcesBuildPhase;
			buildActionMask = 2147483647;
			files = (
			);
			runOnlyForDeploymentPostprocessing = 0;
		};
		B9BE877D2C1335080051B7F6 /* Resources */ = {
			isa = PBXResourcesBuildPhase;
			buildActionMask = 2147483647;
			files = (
			);
			runOnlyForDeploymentPostprocessing = 0;
		};
/* End PBXResourcesBuildPhase section */

/* Begin PBXSourcesBuildPhase section */
		B9BE875C2C1335060051B7F6 /* Sources */ = {
			isa = PBXSourcesBuildPhase;
			buildActionMask = 2147483647;
			files = (
				B9BE876D2C1335080051B7F6 /* Persistence.swift in Sources */,
				B9BE87662C1335060051B7F6 /* ContentView.swift in Sources */,
				B9BE87702C1335080051B7F6 /* PeFinancial.xcdatamodeld in Sources */,
				B9BE87642C1335060051B7F6 /* PeFinancialApp.swift in Sources */,
			);
			runOnlyForDeploymentPostprocessing = 0;
		};
		B9BE87712C1335080051B7F6 /* Sources */ = {
			isa = PBXSourcesBuildPhase;
			buildActionMask = 2147483647;
			files = (
				B9BE877A2C1335080051B7F6 /* PeFinancialTests.swift in Sources */,
			);
			runOnlyForDeploymentPostprocessing = 0;
		};
		B9BE877B2C1335080051B7F6 /* Sources */ = {
			isa = PBXSourcesBuildPhase;
			buildActionMask = 2147483647;
			files = (
				B9BE87842C1335080051B7F6 /* PeFinancialUITests.swift in Sources */,
				B9BE87862C1335080051B7F6 /* PeFinancialUITestsLaunchTests.swift in Sources */,
			);
			runOnlyForDeploymentPostprocessing = 0;
		};
/* End PBXSourcesBuildPhase section */

/* Begin PBXTargetDependency section */
		B9BE87772C1335080051B7F6 /* PBXTargetDependency */ = {
			isa = PBXTargetDependency;
			target = B9BE875F2C1335060051B7F6 /* PeFinancial */;
			targetProxy = B9BE87762C1335080051B7F6 /* PBXContainerItemProxy */;
		};
		B9BE87812C1335080051B7F6 /* PBXTargetDependency */ = {
			isa = PBXTargetDependency;
			target = B9BE875F2C1335060051B7F6 /* PeFinancial */;
			targetProxy = B9BE87802C1335080051B7F6 /* PBXContainerItemProxy */;
		};
/* End PBXTargetDependency section */

/* Begin XCBuildConfiguration section */
		B9BE87872C1335080051B7F6 /* Debug */ = {
			isa = XCBuildConfiguration;
			buildSettings = {
				ALWAYS_SEARCH_USER_PATHS = NO;
				ASSETCATALOG_COMPILER_GENERATE_SWIFT_ASSET_SYMBOL_EXTENSIONS = YES;
				CLANG_ANALYZER_NONNULL = YES;
				CLANG_ANALYZER_NUMBER_OBJECT_CONVERSION = YES_AGGRESSIVE;
				CLANG_CXX_LANGUAGE_STANDARD = "gnu++20";
				CLANG_ENABLE_MODULES = YES;
				CLANG_ENABLE_OBJC_ARC = YES;
				CLANG_ENABLE_OBJC_WEAK = YES;
				CLANG_WARN_BLOCK_CAPTURE_AUTORELEASING = YES;
				CLANG_WARN_BOOL_CONVERSION = YES;
				CLANG_WARN_COMMA = YES;
				CLANG_WARN_CONSTANT_CONVERSION = YES;
				CLANG_WARN_DEPRECATED_OBJC_IMPLEMENTATIONS = YES;
				CLANG_WARN_DIRECT_OBJC_ISA_USAGE = YES_ERROR;
				CLANG_WARN_DOCUMENTATION_COMMENTS = YES;
				CLANG_WARN_EMPTY_BODY = YES;
				CLANG_WARN_ENUM_CONVERSION = YES;
				CLANG_WARN_INFINITE_RECURSION = YES;
				CLANG_WARN_INT_CONVERSION = YES;
				CLANG_WARN_NON_LITERAL_NULL_CONVERSION = YES;
				CLANG_WARN_OBJC_IMPLICIT_RETAIN_SELF = YES;
				CLANG_WARN_OBJC_LITERAL_CONVERSION = YES;
				CLANG_WARN_OBJC_ROOT_CLASS = YES_ERROR;
				CLANG_WARN_QUOTED_INCLUDE_IN_FRAMEWORK_HEADER = YES;
				CLANG_WARN_RANGE_LOOP_ANALYSIS = YES;
				CLANG_WARN_STRICT_PROTOTYPES = YES;
				CLANG_WARN_SUSPICIOUS_MOVE = YES;
				CLANG_WARN_UNGUARDED_AVAILABILITY = YES_AGGRESSIVE;
				CLANG_WARN_UNREACHABLE_CODE = YES;
				CLANG_WARN__DUPLICATE_METHOD_MATCH = YES;
				COPY_PHASE_STRIP = NO;
				DEBUG_INFORMATION_FORMAT = dwarf;
				ENABLE_STRICT_OBJC_MSGSEND = YES;
				ENABLE_TESTABILITY = YES;
				ENABLE_USER_SCRIPT_SANDBOXING = YES;
				GCC_C_LANGUAGE_STANDARD = gnu17;
				GCC_DYNAMIC_NO_PIC = NO;
				GCC_NO_COMMON_BLOCKS = YES;
				GCC_OPTIMIZATION_LEVEL = 0;
				GCC_PREPROCESSOR_DEFINITIONS = (
					"DEBUG=1",
					"$(inherited)",
				);
				GCC_WARN_64_TO_32_BIT_CONVERSION = YES;
				GCC_WARN_ABOUT_RETURN_TYPE = YES_ERROR;
				GCC_WARN_UNDECLARED_SELECTOR = YES;
				GCC_WARN_UNINITIALIZED_AUTOS = YES_AGGRESSIVE;
				GCC_WARN_UNUSED_FUNCTION = YES;
				GCC_WARN_UNUSED_VARIABLE = YES;
				IPHONEOS_DEPLOYMENT_TARGET = 17.5;
				LOCALIZATION_PREFERS_STRING_CATALOGS = YES;
				MTL_ENABLE_DEBUG_INFO = INCLUDE_SOURCE;
				MTL_FAST_MATH = YES;
				ONLY_ACTIVE_ARCH = YES;
				SDKROOT = iphoneos;
				SWIFT_ACTIVE_COMPILATION_CONDITIONS = "DEBUG $(inherited)";
				SWIFT_OPTIMIZATION_LEVEL = "-Onone";
			};
			name = Debug;
		};
		B9BE87882C1335080051B7F6 /* Release */ = {
			isa = XCBuildConfiguration;
			buildSettings = {
				ALWAYS_SEARCH_USER_PATHS = NO;
				ASSETCATALOG_COMPILER_GENERATE_SWIFT_ASSET_SYMBOL_EXTENSIONS = YES;
				CLANG_ANALYZER_NONNULL = YES;
				CLANG_ANALYZER_NUMBER_OBJECT_CONVERSION = YES_AGGRESSIVE;
				CLANG_CXX_LANGUAGE_STANDARD = "gnu++20";
				CLANG_ENABLE_MODULES = YES;
				CLANG_ENABLE_OBJC_ARC = YES;
				CLANG_ENABLE_OBJC_WEAK = YES;
				CLANG_WARN_BLOCK_CAPTURE_AUTORELEASING = YES;
				CLANG_WARN_BOOL_CONVERSION = YES;
				CLANG_WARN_COMMA = YES;
				CLANG_WARN_CONSTANT_CONVERSION = YES;
				CLANG_WARN_DEPRECATED_OBJC_IMPLEMENTATIONS = YES;
				CLANG_WARN_DIRECT_OBJC_ISA_USAGE = YES_ERROR;
				CLANG_WARN_DOCUMENTATION_COMMENTS = YES;
				CLANG_WARN_EMPTY_BODY = YES;
				CLANG_WARN_ENUM_CONVERSION = YES;
				CLANG_WARN_INFINITE_RECURSION = YES;
				CLANG_WARN_INT_CONVERSION = YES;
				CLANG_WARN_NON_LITERAL_NULL_CONVERSION = YES;
				CLANG_WARN_OBJC_IMPLICIT_RETAIN_SELF = YES;
				CLANG_WARN_OBJC_LITERAL_CONVERSION = YES;
				CLANG_WARN_OBJC_ROOT_CLASS = YES_ERROR;
				CLANG_WARN_QUOTED_INCLUDE_IN_FRAMEWORK_HEADER = YES;
				CLANG_WARN_RANGE_LOOP_ANALYSIS = YES;
				CLANG_WARN_STRICT_PROTOTYPES = YES;
				CLANG_WARN_SUSPICIOUS_MOVE = YES;
				CLANG_WARN_UNGUARDED_AVAILABILITY = YES_AGGRESSIVE;
				CLANG_WARN_UNREACHABLE_CODE = YES;
				CLANG_WARN__DUPLICATE_METHOD_MATCH = YES;
				COPY_PHASE_STRIP = NO;
				DEBUG_INFORMATION_FORMAT = "dwarf-with-dsym";
				ENABLE_NS_ASSERTIONS = NO;
				ENABLE_STRICT_OBJC_MSGSEND = YES;
				ENABLE_USER_SCRIPT_SANDBOXING = YES;
				GCC_C_LANGUAGE_STANDARD = gnu17;
				GCC_NO_COMMON_BLOCKS = YES;
				GCC_WARN_64_TO_32_BIT_CONVERSION = YES;
				GCC_WARN_ABOUT_RETURN_TYPE = YES_ERROR;
				GCC_WARN_UNDECLARED_SELECTOR = YES;
				GCC_WARN_UNINITIALIZED_AUTOS = YES_AGGRESSIVE;
				GCC_WARN_UNUSED_FUNCTION = YES;
				GCC_WARN_UNUSED_VARIABLE = YES;
				IPHONEOS_DEPLOYMENT_TARGET = 17.5;
				LOCALIZATION_PREFERS_STRING_CATALOGS = YES;
				MTL_ENABLE_DEBUG_INFO = NO;
				MTL_FAST_MATH = YES;
				SDKROOT = iphoneos;
				SWIFT_COMPILATION_MODE = wholemodule;
				VALIDATE_PRODUCT = YES;
			};
			name = Release;
		};
		B9BE878A2C1335080051B7F6 /* Debug */ = {
			isa = XCBuildConfiguration;
			buildSettings = {
				ASSETCATALOG_COMPILER_APPICON_NAME = AppIcon;
				ASSETCATALOG_COMPILER_GLOBAL_ACCENT_COLOR_NAME = AccentColor;
				CODE_SIGN_STYLE = Automatic;
				CURRENT_PROJECT_VERSION = 1;
				DEVELOPMENT_ASSET_PATHS = "\"PeFinancial/Preview Content\"";
				ENABLE_PREVIEWS = YES;
				GENERATE_INFOPLIST_FILE = YES;
				INFOPLIST_KEY_UIApplicationSceneManifest_Generation = YES;
				INFOPLIST_KEY_UIApplicationSupportsIndirectInputEvents = YES;
				INFOPLIST_KEY_UILaunchScreen_Generation = YES;
				INFOPLIST_KEY_UISupportedInterfaceOrientations_iPad = "UIInterfaceOrientationPortrait UIInterfaceOrientationPortraitUpsideDown UIInterfaceOrientationLandscapeLeft UIInterfaceOrientationLandscapeRight";
				INFOPLIST_KEY_UISupportedInterfaceOrientations_iPhone = "UIInterfaceOrientationPortrait UIInterfaceOrientationLandscapeLeft UIInterfaceOrientationLandscapeRight";
				LD_RUNPATH_SEARCH_PATHS = (
					"$(inherited)",
					"@executable_path/Frameworks",
				);
				MARKETING_VERSION = 1.0;
				PRODUCT_BUNDLE_IDENTIFIER = Restorm12.PeFinancial;
				PRODUCT_NAME = "$(TARGET_NAME)";
				SWIFT_EMIT_LOC_STRINGS = YES;
				SWIFT_VERSION = 5.0;
				TARGETED_DEVICE_FAMILY = "1,2";
			};
			name = Debug;
		};
		B9BE878B2C1335080051B7F6 /* Release */ = {
			isa = XCBuildConfiguration;
			buildSettings = {
				ASSETCATALOG_COMPILER_APPICON_NAME = AppIcon;
				ASSETCATALOG_COMPILER_GLOBAL_ACCENT_COLOR_NAME = AccentColor;
				CODE_SIGN_STYLE = Automatic;
				CURRENT_PROJECT_VERSION = 1;
				DEVELOPMENT_ASSET_PATHS = "\"PeFinancial/Preview Content\"";
				ENABLE_PREVIEWS = YES;
				GENERATE_INFOPLIST_FILE = YES;
				INFOPLIST_KEY_UIApplicationSceneManifest_Generation = YES;
				INFOPLIST_KEY_UIApplicationSupportsIndirectInputEvents = YES;
				INFOPLIST_KEY_UILaunchScreen_Generation = YES;
				INFOPLIST_KEY_UISupportedInterfaceOrientations_iPad = "UIInterfaceOrientationPortrait UIInterfaceOrientationPortraitUpsideDown UIInterfaceOrientationLandscapeLeft UIInterfaceOrientationLandscapeRight";
				INFOPLIST_KEY_UISupportedInterfaceOrientations_iPhone = "UIInterfaceOrientationPortrait UIInterfaceOrientationLandscapeLeft UIInterfaceOrientationLandscapeRight";
				LD_RUNPATH_SEARCH_PATHS = (
					"$(inherited)",
					"@executable_path/Frameworks",
				);
				MARKETING_VERSION = 1.0;
				PRODUCT_BUNDLE_IDENTIFIER = Restorm12.PeFinancial;
				PRODUCT_NAME = "$(TARGET_NAME)";
				SWIFT_EMIT_LOC_STRINGS = YES;
				SWIFT_VERSION = 5.0;
				TARGETED_DEVICE_FAMILY = "1,2";
			};
			name = Release;
		};
		B9BE878D2C1335080051B7F6 /* Debug */ = {
			isa = XCBuildConfiguration;
			buildSettings = {
				ALWAYS_EMBED_SWIFT_STANDARD_LIBRARIES = YES;
				BUNDLE_LOADER = "$(TEST_HOST)";
				CODE_SIGN_STYLE = Automatic;
				CURRENT_PROJECT_VERSION = 1;
				GENERATE_INFOPLIST_FILE = YES;
				IPHONEOS_DEPLOYMENT_TARGET = 17.5;
				MARKETING_VERSION = 1.0;
				PRODUCT_BUNDLE_IDENTIFIER = Restorm12.PeFinancialTests;
				PRODUCT_NAME = "$(TARGET_NAME)";
				SWIFT_EMIT_LOC_STRINGS = NO;
				SWIFT_VERSION = 5.0;
				TARGETED_DEVICE_FAMILY = "1,2";
				TEST_HOST = "$(BUILT_PRODUCTS_DIR)/PeFinancial.app/$(BUNDLE_EXECUTABLE_FOLDER_PATH)/PeFinancial";
			};
			name = Debug;
		};
		B9BE878E2C1335080051B7F6 /* Release */ = {
			isa = XCBuildConfiguration;
			buildSettings = {
				ALWAYS_EMBED_SWIFT_STANDARD_LIBRARIES = YES;
				BUNDLE_LOADER = "$(TEST_HOST)";
				CODE_SIGN_STYLE = Automatic;
				CURRENT_PROJECT_VERSION = 1;
				GENERATE_INFOPLIST_FILE = YES;
				IPHONEOS_DEPLOYMENT_TARGET = 17.5;
				MARKETING_VERSION = 1.0;
				PRODUCT_BUNDLE_IDENTIFIER = Restorm12.PeFinancialTests;
				PRODUCT_NAME = "$(TARGET_NAME)";
				SWIFT_EMIT_LOC_STRINGS = NO;
				SWIFT_VERSION = 5.0;
				TARGETED_DEVICE_FAMILY = "1,2";
				TEST_HOST = "$(BUILT_PRODUCTS_DIR)/PeFinancial.app/$(BUNDLE_EXECUTABLE_FOLDER_PATH)/PeFinancial";
			};
			name = Release;
		};
		B9BE87902C1335080051B7F6 /* Debug */ = {
			isa = XCBuildConfiguration;
			buildSettings = {
				ALWAYS_EMBED_SWIFT_STANDARD_LIBRARIES = YES;
				CODE_SIGN_STYLE = Automatic;
				CURRENT_PROJECT_VERSION = 1;
				GENERATE_INFOPLIST_FILE = YES;
				MARKETING_VERSION = 1.0;
				PRODUCT_BUNDLE_IDENTIFIER = Restorm12.PeFinancialUITests;
				PRODUCT_NAME = "$(TARGET_NAME)";
				SWIFT_EMIT_LOC_STRINGS = NO;
				SWIFT_VERSION = 5.0;
				TARGETED_DEVICE_FAMILY = "1,2";
				TEST_TARGET_NAME = PeFinancial;
			};
			name = Debug;
		};
		B9BE87912C1335080051B7F6 /* Release */ = {
			isa = XCBuildConfiguration;
			buildSettings = {
				ALWAYS_EMBED_SWIFT_STANDARD_LIBRARIES = YES;
				CODE_SIGN_STYLE = Automatic;
				CURRENT_PROJECT_VERSION = 1;
				GENERATE_INFOPLIST_FILE = YES;
				MARKETING_VERSION = 1.0;
				PRODUCT_BUNDLE_IDENTIFIER = Restorm12.PeFinancialUITests;
				PRODUCT_NAME = "$(TARGET_NAME)";
				SWIFT_EMIT_LOC_STRINGS = NO;
				SWIFT_VERSION = 5.0;
				TARGETED_DEVICE_FAMILY = "1,2";
				TEST_TARGET_NAME = PeFinancial;
			};
			name = Release;
		};
/* End XCBuildConfiguration section */

/* Begin XCConfigurationList section */
		B9BE875B2C1335060051B7F6 /* Build configuration list for PBXProject "PeFinancial" */ = {
			isa = XCConfigurationList;
			buildConfigurations = (
				B9BE87872C1335080051B7F6 /* Debug */,
				B9BE87882C1335080051B7F6 /* Release */,
			);
			defaultConfigurationIsVisible = 0;
			defaultConfigurationName = Release;
		};
		B9BE87892C1335080051B7F6 /* Build configuration list for PBXNativeTarget "PeFinancial" */ = {
			isa = XCConfigurationList;
			buildConfigurations = (
				B9BE878A2C1335080051B7F6 /* Debug */,
				B9BE878B2C1335080051B7F6 /* Release */,
			);
			defaultConfigurationIsVisible = 0;
			defaultConfigurationName = Release;
		};
		B9BE878C2C1335080051B7F6 /* Build configuration list for PBXNativeTarget "PeFinancialTests" */ = {
			isa = XCConfigurationList;
			buildConfigurations = (
				B9BE878D2C1335080051B7F6 /* Debug */,
				B9BE878E2C1335080051B7F6 /* Release */,
			);
			defaultConfigurationIsVisible = 0;
			defaultConfigurationName = Release;
		};
		B9BE878F2C1335080051B7F6 /* Build configuration list for PBXNativeTarget "PeFinancialUITests" */ = {
			isa = XCConfigurationList;
			buildConfigurations = (
				B9BE87902C1335080051B7F6 /* Debug */,
				B9BE87912C1335080051B7F6 /* Release */,
			);
			defaultConfigurationIsVisible = 0;
			defaultConfigurationName = Release;
		};
/* End XCConfigurationList section */

/* Begin XCVersionGroup section */
		B9BE876E2C1335080051B7F6 /* PeFinancial.xcdatamodeld */ = {
			isa = XCVersionGroup;
			children = (
				B9BE876F2C1335080051B7F6 /* PeFinancial.xcdatamodel */,
			);
			currentVersion = B9BE876F2C1335080051B7F6 /* PeFinancial.xcdatamodel */;
			path = PeFinancial.xcdatamodeld;
			sourceTree = "<group>";
			versionGroupType = wrapper.xcdatamodel;
		};
/* End XCVersionGroup section */
	};
	rootObject = B9BE87582C1335060051B7F6 /* Project object */;
}
